# This file is automatically @generated by Cargo.
# It is not intended for manual editing.
[[package]]
name = "ftp_utils"
version = "0.1.0"
source = "git+https://github.com/jweir136/ftp_utils.git#15fc02291d2a1685e34d590d96230edc2897359d"

[[package]]
name = "ftptest"
version = "0.1.0"
dependencies = [
 "ftp_utils",
]
